
Microsoft Visual Studio Solution File, Format Version 12.00
# Visual Studio 2012
Project("{FAE04EC0-301F-11D3-BF4B-00C04F79EFBC}") = "XAMLXamarinForms", "XAMLXamarinForms\XAMLXamarinForms.csproj", "{40452A77-DD73-43B5-B09B-BE6431DFE497}"
EndProject
Project("{FAE04EC0-301F-11D3-BF4B-00C04F79EFBC}") = "XAMLXamarinForms.iOS", "iOS\XAMLXamarinForms.iOS.csproj", "{C87D7B60-D0A9-495F-81D5-D3E9113E3960}"
EndProject
Project("{FAE04EC0-301F-11D3-BF4B-00C04F79EFBC}") = "XAMLXamarinForms.Droid", "Droid\XAMLXamarinForms.Droid.csproj", "{CE595EBF-42E6-41F1-AE9B-A5E0A1C91963}"
EndProject
Global
	GlobalSection(SolutionConfigurationPlatforms) = preSolution
		Debug|Any CPU = Debug|Any CPU
		Release|Any CPU = Release|Any CPU
		Debug|iPhoneSimulator = Debug|iPhoneSimulator
		Release|iPhoneSimulator = Release|iPhoneSimulator
		Debug|iPhone = Debug|iPhone
		Release|iPhone = Release|iPhone
		Ad-Hoc|iPhone = Ad-Hoc|iPhone
		AppStore|iPhone = AppStore|iPhone
	EndGlobalSection
	GlobalSection(ProjectConfigurationPlatforms) = postSolution
		{40452A77-DD73-43B5-B09B-BE6431DFE497}.Ad-Hoc|iPhone.ActiveCfg = Debug|Any CPU
		{40452A77-DD73-43B5-B09B-BE6431DFE497}.Ad-Hoc|iPhone.Build.0 = Debug|Any CPU
		{40452A77-DD73-43B5-B09B-BE6431DFE497}.AppStore|iPhone.ActiveCfg = Debug|Any CPU
		{40452A77-DD73-43B5-B09B-BE6431DFE497}.AppStore|iPhone.Build.0 = Debug|Any CPU
		{40452A77-DD73-43B5-B09B-BE6431DFE497}.Debug|Any CPU.ActiveCfg = Debug|Any CPU
		{40452A77-DD73-43B5-B09B-BE6431DFE497}.Debug|Any CPU.Build.0 = Debug|Any CPU
		{40452A77-DD73-43B5-B09B-BE6431DFE497}.Debug|iPhone.ActiveCfg = Debug|Any CPU
		{40452A77-DD73-43B5-B09B-BE6431DFE497}.Debug|iPhone.Build.0 = Debug|Any CPU
		{40452A77-DD73-43B5-B09B-BE6431DFE497}.Debug|iPhoneSimulator.ActiveCfg = Debug|Any CPU
		{40452A77-DD73-43B5-B09B-BE6431DFE497}.Debug|iPhoneSimulator.Build.0 = Debug|Any CPU
		{40452A77-DD73-43B5-B09B-BE6431DFE497}.Release|Any CPU.ActiveCfg = Release|Any CPU
		{40452A77-DD73-43B5-B09B-BE6431DFE497}.Release|Any CPU.Build.0 = Release|Any CPU
		{40452A77-DD73-43B5-B09B-BE6431DFE497}.Release|iPhone.ActiveCfg = Release|Any CPU
		{40452A77-DD73-43B5-B09B-BE6431DFE497}.Release|iPhone.Build.0 = Release|Any CPU
		{40452A77-DD73-43B5-B09B-BE6431DFE497}.Release|iPhoneSimulator.ActiveCfg = Release|Any CPU
		{40452A77-DD73-43B5-B09B-BE6431DFE497}.Release|iPhoneSimulator.Build.0 = Release|Any CPU
		{C87D7B60-D0A9-495F-81D5-D3E9113E3960}.Ad-Hoc|iPhone.ActiveCfg = Ad-Hoc|iPhone
		{C87D7B60-D0A9-495F-81D5-D3E9113E3960}.Ad-Hoc|iPhone.Build.0 = Ad-Hoc|iPhone
		{C87D7B60-D0A9-495F-81D5-D3E9113E3960}.AppStore|iPhone.ActiveCfg = AppStore|iPhone
		{C87D7B60-D0A9-495F-81D5-D3E9113E3960}.AppStore|iPhone.Build.0 = AppStore|iPhone
		{C87D7B60-D0A9-495F-81D5-D3E9113E3960}.Debug|Any CPU.ActiveCfg = Debug|iPhoneSimulator
		{C87D7B60-D0A9-495F-81D5-D3E9113E3960}.Debug|Any CPU.Build.0 = Debug|iPhoneSimulator
		{C87D7B60-D0A9-495F-81D5-D3E9113E3960}.Debug|iPhone.ActiveCfg = Debug|iPhone
		{C87D7B60-D0A9-495F-81D5-D3E9113E3960}.Debug|iPhone.Build.0 = Debug|iPhone
		{C87D7B60-D0A9-495F-81D5-D3E9113E3960}.Debug|iPhoneSimulator.ActiveCfg = Debug|iPhoneSimulator
		{C87D7B60-D0A9-495F-81D5-D3E9113E3960}.Debug|iPhoneSimulator.Build.0 = Debug|iPhoneSimulator
		{C87D7B60-D0A9-495F-81D5-D3E9113E3960}.Release|Any CPU.ActiveCfg = Release|iPhoneSimulator
		{C87D7B60-D0A9-495F-81D5-D3E9113E3960}.Release|Any CPU.Build.0 = Release|iPhoneSimulator
		{C87D7B60-D0A9-495F-81D5-D3E9113E3960}.Release|iPhone.ActiveCfg = Release|iPhone
		{C87D7B60-D0A9-495F-81D5-D3E9113E3960}.Release|iPhone.Build.0 = Release|iPhone
		{C87D7B60-D0A9-495F-81D5-D3E9113E3960}.Release|iPhoneSimulator.ActiveCfg = Release|iPhoneSimulator
		{C87D7B60-D0A9-495F-81D5-D3E9113E3960}.Release|iPhoneSimulator.Build.0 = Release|iPhoneSimulator
		{CE595EBF-42E6-41F1-AE9B-A5E0A1C91963}.Ad-Hoc|iPhone.ActiveCfg = Release|Any CPU
		{CE595EBF-42E6-41F1-AE9B-A5E0A1C91963}.Ad-Hoc|iPhone.Build.0 = Release|Any CPU
		{CE595EBF-42E6-41F1-AE9B-A5E0A1C91963}.AppStore|iPhone.ActiveCfg = Release|Any CPU
		{CE595EBF-42E6-41F1-AE9B-A5E0A1C91963}.AppStore|iPhone.Build.0 = Release|Any CPU
		{CE595EBF-42E6-41F1-AE9B-A5E0A1C91963}.Debug|Any CPU.ActiveCfg = Debug|Any CPU
		{CE595EBF-42E6-41F1-AE9B-A5E0A1C91963}.Debug|Any CPU.Build.0 = Debug|Any CPU
		{CE595EBF-42E6-41F1-AE9B-A5E0A1C91963}.Debug|iPhone.ActiveCfg = Debug|Any CPU
		{CE595EBF-42E6-41F1-AE9B-A5E0A1C91963}.Debug|iPhone.Build.0 = Debug|Any CPU
		{CE595EBF-42E6-41F1-AE9B-A5E0A1C91963}.Debug|iPhoneSimulator.ActiveCfg = Debug|Any CPU
		{CE595EBF-42E6-41F1-AE9B-A5E0A1C91963}.Debug|iPhoneSimulator.Build.0 = Debug|Any CPU
		{CE595EBF-42E6-41F1-AE9B-A5E0A1C91963}.Release|Any CPU.ActiveCfg = Release|Any CPU
		{CE595EBF-42E6-41F1-AE9B-A5E0A1C91963}.Release|Any CPU.Build.0 = Release|Any CPU
		{CE595EBF-42E6-41F1-AE9B-A5E0A1C91963}.Release|iPhone.ActiveCfg = Release|Any CPU
		{CE595EBF-42E6-41F1-AE9B-A5E0A1C91963}.Release|iPhone.Build.0 = Release|Any CPU
		{CE595EBF-42E6-41F1-AE9B-A5E0A1C91963}.Release|iPhoneSimulator.ActiveCfg = Release|Any CPU
		{CE595EBF-42E6-41F1-AE9B-A5E0A1C91963}.Release|iPhoneSimulator.Build.0 = Release|Any CPU
	EndGlobalSection
EndGlobal
